// !$*UTF8*$!
{
	archiveVersion = 1;
	classes = {
	};
	objectVersion = 55;
	objects = {

/* Begin PBXBuildFile section */
		D980EADC2864265B005EDA03 /* UIImageExtension.swift in Sources */ = {isa = PBXBuildFile; fileRef = D980EADB2864265B005EDA03 /* UIImageExtension.swift */; };
		D980EADF2864E607005EDA03 /* MemesCacheble.swift in Sources */ = {isa = PBXBuildFile; fileRef = D980EADE2864E607005EDA03 /* MemesCacheble.swift */; };
		D980EAE12864E689005EDA03 /* CacheManager.swift in Sources */ = {isa = PBXBuildFile; fileRef = D980EAE02864E689005EDA03 /* CacheManager.swift */; };
		D980EAE32864E9D1005EDA03 /* DataProvider.swift in Sources */ = {isa = PBXBuildFile; fileRef = D980EAE22864E9D1005EDA03 /* DataProvider.swift */; };
		D980EAEC2874BDE8005EDA03 /* ImageTaskGettable.swift in Sources */ = {isa = PBXBuildFile; fileRef = D980EAEB2874BDE8005EDA03 /* ImageTaskGettable.swift */; };
		D9AA24752860690B00B39F52 /* MemeDescriptionCell.swift in Sources */ = {isa = PBXBuildFile; fileRef = D9AA24732860690B00B39F52 /* MemeDescriptionCell.swift */; };
		D9AA24762860690B00B39F52 /* MemeDescriptionCell.xib in Resources */ = {isa = PBXBuildFile; fileRef = D9AA24742860690B00B39F52 /* MemeDescriptionCell.xib */; };
		D9AA2479286077F300B39F52 /* Memes.swift in Sources */ = {isa = PBXBuildFile; fileRef = D9AA2478286077F300B39F52 /* Memes.swift */; };
		D9AA247E286079CD00B39F52 /* URLSessionMemesRequester.swift in Sources */ = {isa = PBXBuildFile; fileRef = D9AA247D286079CD00B39F52 /* URLSessionMemesRequester.swift */; };
		D9AA248128607A3B00B39F52 /* MemesDataProvider.swift in Sources */ = {isa = PBXBuildFile; fileRef = D9AA248028607A3B00B39F52 /* MemesDataProvider.swift */; };
		D9AA248428607BD700B39F52 /* AssociatedTypes.swift in Sources */ = {isa = PBXBuildFile; fileRef = D9AA248328607BD700B39F52 /* AssociatedTypes.swift */; };
		D9AA248B286333CC00B39F52 /* TableViewExtension.swift in Sources */ = {isa = PBXBuildFile; fileRef = D9AA248A286333CC00B39F52 /* TableViewExtension.swift */; };
		D9F1150E285C896700D8D5EE /* AppDelegate.swift in Sources */ = {isa = PBXBuildFile; fileRef = D9F1150D285C896700D8D5EE /* AppDelegate.swift */; };
		D9F11517285C896900D8D5EE /* Assets.xcassets in Resources */ = {isa = PBXBuildFile; fileRef = D9F11516285C896900D8D5EE /* Assets.xcassets */; };
		D9F1151A285C896900D8D5EE /* LaunchScreen.storyboard in Resources */ = {isa = PBXBuildFile; fileRef = D9F11518285C896900D8D5EE /* LaunchScreen.storyboard */; };
		D9F11523285C8E0600D8D5EE /* MemesListViewController.swift in Sources */ = {isa = PBXBuildFile; fileRef = D9F11521285C8E0500D8D5EE /* MemesListViewController.swift */; };
		D9F11524285C8E0600D8D5EE /* MemesListViewController.xib in Resources */ = {isa = PBXBuildFile; fileRef = D9F11522285C8E0600D8D5EE /* MemesListViewController.xib */; };
		D9F11526285C8EAC00D8D5EE /* RootViewGettable.swift in Sources */ = {isa = PBXBuildFile; fileRef = D9F11525285C8EAC00D8D5EE /* RootViewGettable.swift */; };
		D9F11528285C8FF200D8D5EE /* MemesListView.swift in Sources */ = {isa = PBXBuildFile; fileRef = D9F11527285C8FF200D8D5EE /* MemesListView.swift */; };
/* End PBXBuildFile section */

/* Begin PBXFileReference section */
		D980EADB2864265B005EDA03 /* UIImageExtension.swift */ = {isa = PBXFileReference; lastKnownFileType = sourcecode.swift; path = UIImageExtension.swift; sourceTree = "<group>"; };
		D980EADE2864E607005EDA03 /* MemesCacheble.swift */ = {isa = PBXFileReference; lastKnownFileType = sourcecode.swift; path = MemesCacheble.swift; sourceTree = "<group>"; };
		D980EAE02864E689005EDA03 /* CacheManager.swift */ = {isa = PBXFileReference; lastKnownFileType = sourcecode.swift; path = CacheManager.swift; sourceTree = "<group>"; };
		D980EAE22864E9D1005EDA03 /* DataProvider.swift */ = {isa = PBXFileReference; lastKnownFileType = sourcecode.swift; path = DataProvider.swift; sourceTree = "<group>"; };
		D980EAEB2874BDE8005EDA03 /* ImageTaskGettable.swift */ = {isa = PBXFileReference; lastKnownFileType = sourcecode.swift; path = ImageTaskGettable.swift; sourceTree = "<group>"; };
		D9AA24732860690B00B39F52 /* MemeDescriptionCell.swift */ = {isa = PBXFileReference; lastKnownFileType = sourcecode.swift; path = MemeDescriptionCell.swift; sourceTree = "<group>"; };
		D9AA24742860690B00B39F52 /* MemeDescriptionCell.xib */ = {isa = PBXFileReference; lastKnownFileType = file.xib; path = MemeDescriptionCell.xib; sourceTree = "<group>"; };
		D9AA2478286077F300B39F52 /* Memes.swift */ = {isa = PBXFileReference; lastKnownFileType = sourcecode.swift; path = Memes.swift; sourceTree = "<group>"; };
		D9AA247D286079CD00B39F52 /* URLSessionMemesRequester.swift */ = {isa = PBXFileReference; lastKnownFileType = sourcecode.swift; path = URLSessionMemesRequester.swift; sourceTree = "<group>"; };
		D9AA248028607A3B00B39F52 /* MemesDataProvider.swift */ = {isa = PBXFileReference; lastKnownFileType = sourcecode.swift; path = MemesDataProvider.swift; sourceTree = "<group>"; };
		D9AA248328607BD700B39F52 /* AssociatedTypes.swift */ = {isa = PBXFileReference; lastKnownFileType = sourcecode.swift; path = AssociatedTypes.swift; sourceTree = "<group>"; };
		D9AA248A286333CC00B39F52 /* TableViewExtension.swift */ = {isa = PBXFileReference; lastKnownFileType = sourcecode.swift; path = TableViewExtension.swift; sourceTree = "<group>"; };
		D9F1150A285C896700D8D5EE /* MemExplorer.app */ = {isa = PBXFileReference; explicitFileType = wrapper.application; includeInIndex = 0; path = MemExplorer.app; sourceTree = BUILT_PRODUCTS_DIR; };
		D9F1150D285C896700D8D5EE /* AppDelegate.swift */ = {isa = PBXFileReference; lastKnownFileType = sourcecode.swift; path = AppDelegate.swift; sourceTree = "<group>"; };
		D9F11516285C896900D8D5EE /* Assets.xcassets */ = {isa = PBXFileReference; lastKnownFileType = folder.assetcatalog; path = Assets.xcassets; sourceTree = "<group>"; };
		D9F11519285C896900D8D5EE /* Base */ = {isa = PBXFileReference; lastKnownFileType = file.storyboard; name = Base; path = Base.lproj/LaunchScreen.storyboard; sourceTree = "<group>"; };
		D9F1151B285C896900D8D5EE /* Info.plist */ = {isa = PBXFileReference; lastKnownFileType = text.plist.xml; path = Info.plist; sourceTree = "<group>"; };
		D9F11521285C8E0500D8D5EE /* MemesListViewController.swift */ = {isa = PBXFileReference; lastKnownFileType = sourcecode.swift; path = MemesListViewController.swift; sourceTree = "<group>"; };
		D9F11522285C8E0600D8D5EE /* MemesListViewController.xib */ = {isa = PBXFileReference; lastKnownFileType = file.xib; path = MemesListViewController.xib; sourceTree = "<group>"; };
		D9F11525285C8EAC00D8D5EE /* RootViewGettable.swift */ = {isa = PBXFileReference; lastKnownFileType = sourcecode.swift; path = RootViewGettable.swift; sourceTree = "<group>"; };
		D9F11527285C8FF200D8D5EE /* MemesListView.swift */ = {isa = PBXFileReference; lastKnownFileType = sourcecode.swift; path = MemesListView.swift; sourceTree = "<group>"; };
/* End PBXFileReference section */

/* Begin PBXFrameworksBuildPhase section */
		D9F11507285C896700D8D5EE /* Frameworks */ = {
			isa = PBXFrameworksBuildPhase;
			buildActionMask = 2147483647;
			files = (
			);
			runOnlyForDeploymentPostprocessing = 0;
		};
/* End PBXFrameworksBuildPhase section */

/* Begin PBXGroup section */
		D9AA2477286077D700B39F52 /* Model */ = {
			isa = PBXGroup;
			children = (
				D9AA2478286077F300B39F52 /* Memes.swift */,
			);
			path = Model;
			sourceTree = "<group>";
		};
		D9AA247A286078BC00B39F52 /* Controllers */ = {
			isa = PBXGroup;
			children = (
				D9F11521285C8E0500D8D5EE /* MemesListViewController.swift */,
				D9F11522285C8E0600D8D5EE /* MemesListViewController.xib */,
				D9F11527285C8FF200D8D5EE /* MemesListView.swift */,
			);
			path = Controllers;
			sourceTree = "<group>";
		};
		D9AA247B2860793700B39F52 /* Views */ = {
			isa = PBXGroup;
			children = (
				D9AA24732860690B00B39F52 /* MemeDescriptionCell.swift */,
				D9AA24742860690B00B39F52 /* MemeDescriptionCell.xib */,
			);
			path = Views;
			sourceTree = "<group>";
		};
		D9AA247C2860797500B39F52 /* Managers */ = {
			isa = PBXGroup;
			children = (
				D9AA247D286079CD00B39F52 /* URLSessionMemesRequester.swift */,
				D980EAE02864E689005EDA03 /* CacheManager.swift */,
				D980EAE22864E9D1005EDA03 /* DataProvider.swift */,
			);
			path = Managers;
			sourceTree = "<group>";
		};
		D9AA247F28607A0900B39F52 /* Protocols */ = {
			isa = PBXGroup;
			children = (
				D9F11525285C8EAC00D8D5EE /* RootViewGettable.swift */,
				D9AA248028607A3B00B39F52 /* MemesDataProvider.swift */,
				D980EADE2864E607005EDA03 /* MemesCacheble.swift */,
				D980EAEB2874BDE8005EDA03 /* ImageTaskGettable.swift */,
			);
			path = Protocols;
			sourceTree = "<group>";
		};
		D9AA248228607B8E00B39F52 /* Associated Types */ = {
			isa = PBXGroup;
			children = (
				D9AA248328607BD700B39F52 /* AssociatedTypes.swift */,
			);
			path = "Associated Types";
			sourceTree = "<group>";
		};
		D9AA24892863338D00B39F52 /* Extensions */ = {
			isa = PBXGroup;
			children = (
				D9AA248A286333CC00B39F52 /* TableViewExtension.swift */,
				D980EADB2864265B005EDA03 /* UIImageExtension.swift */,
			);
			path = Extensions;
			sourceTree = "<group>";
		};
		D9F11501285C896700D8D5EE = {
			isa = PBXGroup;
			children = (
				D9F1150C285C896700D8D5EE /* MemExplorer */,
				D9F1150B285C896700D8D5EE /* Products */,
			);
			sourceTree = "<group>";
		};
		D9F1150B285C896700D8D5EE /* Products */ = {
			isa = PBXGroup;
			children = (
				D9F1150A285C896700D8D5EE /* MemExplorer.app */,
			);
			name = Products;
			sourceTree = "<group>";
		};
		D9F1150C285C896700D8D5EE /* MemExplorer */ = {
			isa = PBXGroup;
			children = (
				D9AA247C2860797500B39F52 /* Managers */,
				D9AA2477286077D700B39F52 /* Model */,
				D9AA247B2860793700B39F52 /* Views */,
				D9AA247A286078BC00B39F52 /* Controllers */,
				D9AA247F28607A0900B39F52 /* Protocols */,
				D9AA248228607B8E00B39F52 /* Associated Types */,
				D9AA24892863338D00B39F52 /* Extensions */,
				D9F1150D285C896700D8D5EE /* AppDelegate.swift */,
				D9F11516285C896900D8D5EE /* Assets.xcassets */,
				D9F11518285C896900D8D5EE /* LaunchScreen.storyboard */,
				D9F1151B285C896900D8D5EE /* Info.plist */,
			);
			path = MemExplorer;
			sourceTree = "<group>";
		};
/* End PBXGroup section */

/* Begin PBXNativeTarget section */
		D9F11509285C896700D8D5EE /* MemExplorer */ = {
			isa = PBXNativeTarget;
			buildConfigurationList = D9F1151E285C896900D8D5EE /* Build configuration list for PBXNativeTarget "MemExplorer" */;
			buildPhases = (
				D9F11506285C896700D8D5EE /* Sources */,
				D9F11507285C896700D8D5EE /* Frameworks */,
				D9F11508285C896700D8D5EE /* Resources */,
			);
			buildRules = (
			);
			dependencies = (
			);
			name = MemExplorer;
			productName = MemExplorer;
			productReference = D9F1150A285C896700D8D5EE /* MemExplorer.app */;
			productType = "com.apple.product-type.application";
		};
/* End PBXNativeTarget section */

/* Begin PBXProject section */
		D9F11502285C896700D8D5EE /* Project object */ = {
			isa = PBXProject;
			attributes = {
				BuildIndependentTargetsInParallel = 1;
				LastSwiftUpdateCheck = 1320;
				LastUpgradeCheck = 1320;
				TargetAttributes = {
					D9F11509285C896700D8D5EE = {
						CreatedOnToolsVersion = 13.2.1;
					};
				};
			};
			buildConfigurationList = D9F11505285C896700D8D5EE /* Build configuration list for PBXProject "MemExplorer" */;
			compatibilityVersion = "Xcode 13.0";
			developmentRegion = en;
			hasScannedForEncodings = 0;
			knownRegions = (
				en,
				Base,
			);
			mainGroup = D9F11501285C896700D8D5EE;
			productRefGroup = D9F1150B285C896700D8D5EE /* Products */;
			projectDirPath = "";
			projectRoot = "";
			targets = (
				D9F11509285C896700D8D5EE /* MemExplorer */,
			);
		};
/* End PBXProject section */

/* Begin PBXResourcesBuildPhase section */
		D9F11508285C896700D8D5EE /* Resources */ = {
			isa = PBXResourcesBuildPhase;
			buildActionMask = 2147483647;
			files = (
				D9AA24762860690B00B39F52 /* MemeDescriptionCell.xib in Resources */,
				D9F1151A285C896900D8D5EE /* LaunchScreen.storyboard in Resources */,
				D9F11517285C896900D8D5EE /* Assets.xcassets in Resources */,
				D9F11524285C8E0600D8D5EE /* MemesListViewController.xib in Resources */,
			);
			runOnlyForDeploymentPostprocessing = 0;
		};
/* End PBXResourcesBuildPhase section */

/* Begin PBXSourcesBuildPhase section */
		D9F11506285C896700D8D5EE /* Sources */ = {
			isa = PBXSourcesBuildPhase;
			buildActionMask = 2147483647;
			files = (
				D980EAE12864E689005EDA03 /* CacheManager.swift in Sources */,
				D9AA248128607A3B00B39F52 /* MemesDataProvider.swift in Sources */,
				D9F11528285C8FF200D8D5EE /* MemesListView.swift in Sources */,
				D9AA248428607BD700B39F52 /* AssociatedTypes.swift in Sources */,
				D9AA247E286079CD00B39F52 /* URLSessionMemesRequester.swift in Sources */,
				D980EAEC2874BDE8005EDA03 /* ImageTaskGettable.swift in Sources */,
				D980EADF2864E607005EDA03 /* MemesCacheble.swift in Sources */,
				D980EADC2864265B005EDA03 /* UIImageExtension.swift in Sources */,
				D9AA248B286333CC00B39F52 /* TableViewExtension.swift in Sources */,
				D9AA2479286077F300B39F52 /* Memes.swift in Sources */,
				D9F11523285C8E0600D8D5EE /* MemesListViewController.swift in Sources */,
				D980EAE32864E9D1005EDA03 /* DataProvider.swift in Sources */,
				D9F1150E285C896700D8D5EE /* AppDelegate.swift in Sources */,
				D9AA24752860690B00B39F52 /* MemeDescriptionCell.swift in Sources */,
				D9F11526285C8EAC00D8D5EE /* RootViewGettable.swift in Sources */,
			);
			runOnlyForDeploymentPostprocessing = 0;
		};
/* End PBXSourcesBuildPhase section */

/* Begin PBXVariantGroup section */
		D9F11518285C896900D8D5EE /* LaunchScreen.storyboard */ = {
			isa = PBXVariantGroup;
			children = (
				D9F11519285C896900D8D5EE /* Base */,
			);
			name = LaunchScreen.storyboard;
			sourceTree = "<group>";
		};
/* End PBXVariantGroup section */

/* Begin XCBuildConfiguration section */
		D9F1151C285C896900D8D5EE /* Debug */ = {
			isa = XCBuildConfiguration;
			buildSettings = {
				ALWAYS_SEARCH_USER_PATHS = NO;
				CLANG_ANALYZER_NONNULL = YES;
				CLANG_ANALYZER_NUMBER_OBJECT_CONVERSION = YES_AGGRESSIVE;
				CLANG_CXX_LANGUAGE_STANDARD = "gnu++17";
				CLANG_CXX_LIBRARY = "libc++";
				CLANG_ENABLE_MODULES = YES;
				CLANG_ENABLE_OBJC_ARC = YES;
				CLANG_ENABLE_OBJC_WEAK = YES;
				CLANG_WARN_BLOCK_CAPTURE_AUTORELEASING = YES;
				CLANG_WARN_BOOL_CONVERSION = YES;
				CLANG_WARN_COMMA = YES;
				CLANG_WARN_CONSTANT_CONVERSION = YES;
				CLANG_WARN_DEPRECATED_OBJC_IMPLEMENTATIONS = YES;
				CLANG_WARN_DIRECT_OBJC_ISA_USAGE = YES_ERROR;
				CLANG_WARN_DOCUMENTATION_COMMENTS = YES;
				CLANG_WARN_EMPTY_BODY = YES;
				CLANG_WARN_ENUM_CONVERSION = YES;
				CLANG_WARN_INFINITE_RECURSION = YES;
				CLANG_WARN_INT_CONVERSION = YES;
				CLANG_WARN_NON_LITERAL_NULL_CONVERSION = YES;
				CLANG_WARN_OBJC_IMPLICIT_RETAIN_SELF = YES;
				CLANG_WARN_OBJC_LITERAL_CONVERSION = YES;
				CLANG_WARN_OBJC_ROOT_CLASS = YES_ERROR;
				CLANG_WARN_QUOTED_INCLUDE_IN_FRAMEWORK_HEADER = YES;
				CLANG_WARN_RANGE_LOOP_ANALYSIS = YES;
				CLANG_WARN_STRICT_PROTOTYPES = YES;
				CLANG_WARN_SUSPICIOUS_MOVE = YES;
				CLANG_WARN_UNGUARDED_AVAILABILITY = YES_AGGRESSIVE;
				CLANG_WARN_UNREACHABLE_CODE = YES;
				CLANG_WARN__DUPLICATE_METHOD_MATCH = YES;
				COPY_PHASE_STRIP = NO;
				DEBUG_INFORMATION_FORMAT = dwarf;
				ENABLE_STRICT_OBJC_MSGSEND = YES;
				ENABLE_TESTABILITY = YES;
				GCC_C_LANGUAGE_STANDARD = gnu11;
				GCC_DYNAMIC_NO_PIC = NO;
				GCC_NO_COMMON_BLOCKS = YES;
				GCC_OPTIMIZATION_LEVEL = 0;
				GCC_PREPROCESSOR_DEFINITIONS = (
					"DEBUG=1",
					"$(inherited)",
				);
				GCC_WARN_64_TO_32_BIT_CONVERSION = YES;
				GCC_WARN_ABOUT_RETURN_TYPE = YES_ERROR;
				GCC_WARN_UNDECLARED_SELECTOR = YES;
				GCC_WARN_UNINITIALIZED_AUTOS = YES_AGGRESSIVE;
				GCC_WARN_UNUSED_FUNCTION = YES;
				GCC_WARN_UNUSED_VARIABLE = YES;
				IPHONEOS_DEPLOYMENT_TARGET = 15.2;
				MTL_ENABLE_DEBUG_INFO = INCLUDE_SOURCE;
				MTL_FAST_MATH = YES;
				ONLY_ACTIVE_ARCH = YES;
				SDKROOT = iphoneos;
				SWIFT_ACTIVE_COMPILATION_CONDITIONS = DEBUG;
				SWIFT_OPTIMIZATION_LEVEL = "-Onone";
			};
			name = Debug;
		};
		D9F1151D285C896900D8D5EE /* Release */ = {
			isa = XCBuildConfiguration;
			buildSettings = {
				ALWAYS_SEARCH_USER_PATHS = NO;
				CLANG_ANALYZER_NONNULL = YES;
				CLANG_ANALYZER_NUMBER_OBJECT_CONVERSION = YES_AGGRESSIVE;
				CLANG_CXX_LANGUAGE_STANDARD = "gnu++17";
				CLANG_CXX_LIBRARY = "libc++";
				CLANG_ENABLE_MODULES = YES;
				CLANG_ENABLE_OBJC_ARC = YES;
				CLANG_ENABLE_OBJC_WEAK = YES;
				CLANG_WARN_BLOCK_CAPTURE_AUTORELEASING = YES;
				CLANG_WARN_BOOL_CONVERSION = YES;
				CLANG_WARN_COMMA = YES;
				CLANG_WARN_CONSTANT_CONVERSION = YES;
				CLANG_WARN_DEPRECATED_OBJC_IMPLEMENTATIONS = YES;
				CLANG_WARN_DIRECT_OBJC_ISA_USAGE = YES_ERROR;
				CLANG_WARN_DOCUMENTATION_COMMENTS = YES;
				CLANG_WARN_EMPTY_BODY = YES;
				CLANG_WARN_ENUM_CONVERSION = YES;
				CLANG_WARN_INFINITE_RECURSION = YES;
				CLANG_WARN_INT_CONVERSION = YES;
				CLANG_WARN_NON_LITERAL_NULL_CONVERSION = YES;
				CLANG_WARN_OBJC_IMPLICIT_RETAIN_SELF = YES;
				CLANG_WARN_OBJC_LITERAL_CONVERSION = YES;
				CLANG_WARN_OBJC_ROOT_CLASS = YES_ERROR;
				CLANG_WARN_QUOTED_INCLUDE_IN_FRAMEWORK_HEADER = YES;
				CLANG_WARN_RANGE_LOOP_ANALYSIS = YES;
				CLANG_WARN_STRICT_PROTOTYPES = YES;
				CLANG_WARN_SUSPICIOUS_MOVE = YES;
				CLANG_WARN_UNGUARDED_AVAILABILITY = YES_AGGRESSIVE;
				CLANG_WARN_UNREACHABLE_CODE = YES;
				CLANG_WARN__DUPLICATE_METHOD_MATCH = YES;
				COPY_PHASE_STRIP = NO;
				DEBUG_INFORMATION_FORMAT = "dwarf-with-dsym";
				ENABLE_NS_ASSERTIONS = NO;
				ENABLE_STRICT_OBJC_MSGSEND = YES;
				GCC_C_LANGUAGE_STANDARD = gnu11;
				GCC_NO_COMMON_BLOCKS = YES;
				GCC_WARN_64_TO_32_BIT_CONVERSION = YES;
				GCC_WARN_ABOUT_RETURN_TYPE = YES_ERROR;
				GCC_WARN_UNDECLARED_SELECTOR = YES;
				GCC_WARN_UNINITIALIZED_AUTOS = YES_AGGRESSIVE;
				GCC_WARN_UNUSED_FUNCTION = YES;
				GCC_WARN_UNUSED_VARIABLE = YES;
				IPHONEOS_DEPLOYMENT_TARGET = 15.2;
				MTL_ENABLE_DEBUG_INFO = NO;
				MTL_FAST_MATH = YES;
				SDKROOT = iphoneos;
				SWIFT_COMPILATION_MODE = wholemodule;
				SWIFT_OPTIMIZATION_LEVEL = "-O";
				VALIDATE_PRODUCT = YES;
			};
			name = Release;
		};
		D9F1151F285C896900D8D5EE /* Debug */ = {
			isa = XCBuildConfiguration;
			buildSettings = {
				ASSETCATALOG_COMPILER_APPICON_NAME = AppIcon;
				ASSETCATALOG_COMPILER_GLOBAL_ACCENT_COLOR_NAME = AccentColor;
				CODE_SIGN_STYLE = Automatic;
				CURRENT_PROJECT_VERSION = 1;
				DEVELOPMENT_TEAM = 766FVMV63R;
				GENERATE_INFOPLIST_FILE = YES;
				INFOPLIST_FILE = MemExplorer/Info.plist;
				INFOPLIST_KEY_UIApplicationSupportsIndirectInputEvents = YES;
				INFOPLIST_KEY_UILaunchStoryboardName = LaunchScreen;
				INFOPLIST_KEY_UISupportedInterfaceOrientations_iPad = "UIInterfaceOrientationPortrait UIInterfaceOrientationPortraitUpsideDown UIInterfaceOrientationLandscapeLeft UIInterfaceOrientationLandscapeRight";
				INFOPLIST_KEY_UISupportedInterfaceOrientations_iPhone = "UIInterfaceOrientationPortrait UIInterfaceOrientationLandscapeLeft UIInterfaceOrientationLandscapeRight";
				LD_RUNPATH_SEARCH_PATHS = (
					"$(inherited)",
					"@executable_path/Frameworks",
				);
				MARKETING_VERSION = 1.0;
				PRODUCT_BUNDLE_IDENTIFIER = com.ermakov.MemExplorer;
				PRODUCT_NAME = "$(TARGET_NAME)";
				SWIFT_EMIT_LOC_STRINGS = YES;
				SWIFT_VERSION = 5.0;
				TARGETED_DEVICE_FAMILY = 1;
			};
			name = Debug;
		};
		D9F11520285C896900D8D5EE /* Release */ = {
			isa = XCBuildConfiguration;
			buildSettings = {
				ASSETCATALOG_COMPILER_APPICON_NAME = AppIcon;
				ASSETCATALOG_COMPILER_GLOBAL_ACCENT_COLOR_NAME = AccentColor;
				CODE_SIGN_STYLE = Automatic;
				CURRENT_PROJECT_VERSION = 1;
				DEVELOPMENT_TEAM = 766FVMV63R;
				GENERATE_INFOPLIST_FILE = YES;
				INFOPLIST_FILE = MemExplorer/Info.plist;
				INFOPLIST_KEY_UIApplicationSupportsIndirectInputEvents = YES;
				INFOPLIST_KEY_UILaunchStoryboardName = LaunchScreen;
				INFOPLIST_KEY_UISupportedInterfaceOrientations_iPad = "UIInterfaceOrientationPortrait UIInterfaceOrientationPortraitUpsideDown UIInterfaceOrientationLandscapeLeft UIInterfaceOrientationLandscapeRight";
				INFOPLIST_KEY_UISupportedInterfaceOrientations_iPhone = "UIInterfaceOrientationPortrait UIInterfaceOrientationLandscapeLeft UIInterfaceOrientationLandscapeRight";
				LD_RUNPATH_SEARCH_PATHS = (
					"$(inherited)",
					"@executable_path/Frameworks",
				);
				MARKETING_VERSION = 1.0;
				PRODUCT_BUNDLE_IDENTIFIER = com.ermakov.MemExplorer;
				PRODUCT_NAME = "$(TARGET_NAME)";
				SWIFT_EMIT_LOC_STRINGS = YES;
				SWIFT_VERSION = 5.0;
				TARGETED_DEVICE_FAMILY = 1;
			};
			name = Release;
		};
/* End XCBuildConfiguration section */

/* Begin XCConfigurationList section */
		D9F11505285C896700D8D5EE /* Build configuration list for PBXProject "MemExplorer" */ = {
			isa = XCConfigurationList;
			buildConfigurations = (
				D9F1151C285C896900D8D5EE /* Debug */,
				D9F1151D285C896900D8D5EE /* Release */,
			);
			defaultConfigurationIsVisible = 0;
			defaultConfigurationName = Release;
		};
		D9F1151E285C896900D8D5EE /* Build configuration list for PBXNativeTarget "MemExplorer" */ = {
			isa = XCConfigurationList;
			buildConfigurations = (
				D9F1151F285C896900D8D5EE /* Debug */,
				D9F11520285C896900D8D5EE /* Release */,
			);
			defaultConfigurationIsVisible = 0;
			defaultConfigurationName = Release;
		};
/* End XCConfigurationList section */
	};
	rootObject = D9F11502285C896700D8D5EE /* Project object */;
}
